
Microsoft Visual Studio Solution File, Format Version 12.00
# Visual Studio Version 16
VisualStudioVersion = 16.0.31313.79
MinimumVisualStudioVersion = 10.0.40219.1
Project("{FAE04EC0-301F-11D3-BF4B-00C04F79EFBC}") = "PracticeApp.Android", "PracticeApp\PracticeApp.Android\PracticeApp.Android.csproj", "{A0DB5376-D674-47E3-B178-D87716936941}"
EndProject
Project("{FAE04EC0-301F-11D3-BF4B-00C04F79EFBC}") = "PracticeApp.iOS", "PracticeApp\PracticeApp.iOS\PracticeApp.iOS.csproj", "{4E490037-4758-450A-AFBB-1761458989C0}"
EndProject
Project("{FAE04EC0-301F-11D3-BF4B-00C04F79EFBC}") = "PracticeApp", "PracticeApp\PracticeApp\PracticeApp.csproj", "{A3A47337-65CB-463C-BE38-DB037B132B65}"
EndProject
Global
	GlobalSection(SolutionConfigurationPlatforms) = preSolution
		Debug|Any CPU = Debug|Any CPU
		Debug|iPhone = Debug|iPhone
		Debug|iPhoneSimulator = Debug|iPhoneSimulator
		Release|Any CPU = Release|Any CPU
		Release|iPhone = Release|iPhone
		Release|iPhoneSimulator = Release|iPhoneSimulator
	EndGlobalSection
	GlobalSection(ProjectConfigurationPlatforms) = postSolution
		{A0DB5376-D674-47E3-B178-D87716936941}.Debug|Any CPU.ActiveCfg = Debug|Any CPU
		{A0DB5376-D674-47E3-B178-D87716936941}.Debug|Any CPU.Build.0 = Debug|Any CPU
		{A0DB5376-D674-47E3-B178-D87716936941}.Debug|Any CPU.Deploy.0 = Debug|Any CPU
		{A0DB5376-D674-47E3-B178-D87716936941}.Debug|iPhone.ActiveCfg = Debug|Any CPU
		{A0DB5376-D674-47E3-B178-D87716936941}.Debug|iPhone.Build.0 = Debug|Any CPU
		{A0DB5376-D674-47E3-B178-D87716936941}.Debug|iPhone.Deploy.0 = Debug|Any CPU
		{A0DB5376-D674-47E3-B178-D87716936941}.Debug|iPhoneSimulator.ActiveCfg = Debug|Any CPU
		{A0DB5376-D674-47E3-B178-D87716936941}.Debug|iPhoneSimulator.Build.0 = Debug|Any CPU
		{A0DB5376-D674-47E3-B178-D87716936941}.Debug|iPhoneSimulator.Deploy.0 = Debug|Any CPU
		{A0DB5376-D674-47E3-B178-D87716936941}.Release|Any CPU.ActiveCfg = Release|Any CPU
		{A0DB5376-D674-47E3-B178-D87716936941}.Release|Any CPU.Build.0 = Release|Any CPU
		{A0DB5376-D674-47E3-B178-D87716936941}.Release|Any CPU.Deploy.0 = Release|Any CPU
		{A0DB5376-D674-47E3-B178-D87716936941}.Release|iPhone.ActiveCfg = Release|Any CPU
		{A0DB5376-D674-47E3-B178-D87716936941}.Release|iPhone.Build.0 = Release|Any CPU
		{A0DB5376-D674-47E3-B178-D87716936941}.Release|iPhone.Deploy.0 = Release|Any CPU
		{A0DB5376-D674-47E3-B178-D87716936941}.Release|iPhoneSimulator.ActiveCfg = Release|Any CPU
		{A0DB5376-D674-47E3-B178-D87716936941}.Release|iPhoneSimulator.Build.0 = Release|Any CPU
		{A0DB5376-D674-47E3-B178-D87716936941}.Release|iPhoneSimulator.Deploy.0 = Release|Any CPU
		{4E490037-4758-450A-AFBB-1761458989C0}.Debug|Any CPU.ActiveCfg = Debug|iPhone
		{4E490037-4758-450A-AFBB-1761458989C0}.Debug|Any CPU.Build.0 = Debug|iPhone
		{4E490037-4758-450A-AFBB-1761458989C0}.Debug|Any CPU.Deploy.0 = Debug|iPhone
		{4E490037-4758-450A-AFBB-1761458989C0}.Debug|iPhone.ActiveCfg = Debug|iPhone
		{4E490037-4758-450A-AFBB-1761458989C0}.Debug|iPhone.Build.0 = Debug|iPhone
		{4E490037-4758-450A-AFBB-1761458989C0}.Debug|iPhone.Deploy.0 = Debug|iPhone
		{4E490037-4758-450A-AFBB-1761458989C0}.Debug|iPhoneSimulator.ActiveCfg = Debug|iPhoneSimulator
		{4E490037-4758-450A-AFBB-1761458989C0}.Debug|iPhoneSimulator.Build.0 = Debug|iPhoneSimulator
		{4E490037-4758-450A-AFBB-1761458989C0}.Debug|iPhoneSimulator.Deploy.0 = Debug|iPhoneSimulator
		{4E490037-4758-450A-AFBB-1761458989C0}.Release|Any CPU.ActiveCfg = Release|iPhoneSimulator
		{4E490037-4758-450A-AFBB-1761458989C0}.Release|Any CPU.Build.0 = Release|iPhoneSimulator
		{4E490037-4758-450A-AFBB-1761458989C0}.Release|Any CPU.Deploy.0 = Release|iPhoneSimulator
		{4E490037-4758-450A-AFBB-1761458989C0}.Release|iPhone.ActiveCfg = Release|iPhone
		{4E490037-4758-450A-AFBB-1761458989C0}.Release|iPhone.Build.0 = Release|iPhone
		{4E490037-4758-450A-AFBB-1761458989C0}.Release|iPhone.Deploy.0 = Release|iPhone
		{4E490037-4758-450A-AFBB-1761458989C0}.Release|iPhoneSimulator.ActiveCfg = Release|iPhoneSimulator
		{4E490037-4758-450A-AFBB-1761458989C0}.Release|iPhoneSimulator.Build.0 = Release|iPhoneSimulator
		{4E490037-4758-450A-AFBB-1761458989C0}.Release|iPhoneSimulator.Deploy.0 = Release|iPhoneSimulator
		{A3A47337-65CB-463C-BE38-DB037B132B65}.Debug|Any CPU.ActiveCfg = Debug|Any CPU
		{A3A47337-65CB-463C-BE38-DB037B132B65}.Debug|Any CPU.Build.0 = Debug|Any CPU
		{A3A47337-65CB-463C-BE38-DB037B132B65}.Debug|Any CPU.Deploy.0 = Debug|Any CPU
		{A3A47337-65CB-463C-BE38-DB037B132B65}.Debug|iPhone.ActiveCfg = Debug|Any CPU
		{A3A47337-65CB-463C-BE38-DB037B132B65}.Debug|iPhone.Build.0 = Debug|Any CPU
		{A3A47337-65CB-463C-BE38-DB037B132B65}.Debug|iPhone.Deploy.0 = Debug|Any CPU
		{A3A47337-65CB-463C-BE38-DB037B132B65}.Debug|iPhoneSimulator.ActiveCfg = Debug|Any CPU
		{A3A47337-65CB-463C-BE38-DB037B132B65}.Debug|iPhoneSimulator.Build.0 = Debug|Any CPU
		{A3A47337-65CB-463C-BE38-DB037B132B65}.Debug|iPhoneSimulator.Deploy.0 = Debug|Any CPU
		{A3A47337-65CB-463C-BE38-DB037B132B65}.Release|Any CPU.ActiveCfg = Release|Any CPU
		{A3A47337-65CB-463C-BE38-DB037B132B65}.Release|Any CPU.Build.0 = Release|Any CPU
		{A3A47337-65CB-463C-BE38-DB037B132B65}.Release|Any CPU.Deploy.0 = Release|Any CPU
		{A3A47337-65CB-463C-BE38-DB037B132B65}.Release|iPhone.ActiveCfg = Release|Any CPU
		{A3A47337-65CB-463C-BE38-DB037B132B65}.Release|iPhone.Build.0 = Release|Any CPU
		{A3A47337-65CB-463C-BE38-DB037B132B65}.Release|iPhone.Deploy.0 = Release|Any CPU
		{A3A47337-65CB-463C-BE38-DB037B132B65}.Release|iPhoneSimulator.ActiveCfg = Release|Any CPU
		{A3A47337-65CB-463C-BE38-DB037B132B65}.Release|iPhoneSimulator.Build.0 = Release|Any CPU
		{A3A47337-65CB-463C-BE38-DB037B132B65}.Release|iPhoneSimulator.Deploy.0 = Release|Any CPU
	EndGlobalSection
	GlobalSection(SolutionProperties) = preSolution
		HideSolutionNode = FALSE
	EndGlobalSection
	GlobalSection(ExtensibilityGlobals) = postSolution
		SolutionGuid = {2C3F6934-8FBB-46CD-A914-934F986EF3E8}
	EndGlobalSection
EndGlobal
